// !$*UTF8*$!
{
	archiveVersion = 1;
	classes = {
	};
	objectVersion = 46;
	objects = {

/* Begin PBXBuildFile section */
		FA06926019400E7C0095A30E /* EPTPodcasterSelectionViewControllerTests.m in Sources */ = {isa = PBXBuildFile; fileRef = FA06925F19400E7C0095A30E /* EPTPodcasterSelectionViewControllerTests.m */; };
		FA069263194395770095A30E /* EPTPodcastTimerMainView.m in Sources */ = {isa = PBXBuildFile; fileRef = FA069262194395770095A30E /* EPTPodcastTimerMainView.m */; };
		FA0692661943972F0095A30E /* EPTPodcastTimerModel.m in Sources */ = {isa = PBXBuildFile; fileRef = FA0692651943972F0095A30E /* EPTPodcastTimerModel.m */; };
		FA0692681943A2B80095A30E /* EPTPodcastTimerModelTests.m in Sources */ = {isa = PBXBuildFile; fileRef = FA0692671943A2B80095A30E /* EPTPodcastTimerModelTests.m */; };
		FA06926C1943A58E0095A30E /* EPTTimer.m in Sources */ = {isa = PBXBuildFile; fileRef = FA06926B1943A58E0095A30E /* EPTTimer.m */; };
		FA3E39FC195D18C300655133 /* EPTPodcasterModelTests.m in Sources */ = {isa = PBXBuildFile; fileRef = FA3E39FB195D18C300655133 /* EPTPodcasterModelTests.m */; };
		FA4F567A193A48ED006EC676 /* libOCMock.a in Frameworks */ = {isa = PBXBuildFile; fileRef = FA4F566E193A48ED006EC676 /* libOCMock.a */; };
		FA574B261953AB0200329324 /* EPTPodcastTimerMainTableViewCell.xib in Resources */ = {isa = PBXBuildFile; fileRef = FA574B251953AB0200329324 /* EPTPodcastTimerMainTableViewCell.xib */; };
		FA574B291953AE3100329324 /* EPTPodcastTimerMainTableViewCell.m in Sources */ = {isa = PBXBuildFile; fileRef = FA574B281953AE3100329324 /* EPTPodcastTimerMainTableViewCell.m */; };
		FA574B2C1953B0ED00329324 /* EPTPodcasterModel.m in Sources */ = {isa = PBXBuildFile; fileRef = FA574B2B1953B0ED00329324 /* EPTPodcasterModel.m */; };
		FA85ADE61937EBC3004CC158 /* Foundation.framework in Frameworks */ = {isa = PBXBuildFile; fileRef = FA85ADE51937EBC3004CC158 /* Foundation.framework */; };
		FA85ADE81937EBC3004CC158 /* CoreGraphics.framework in Frameworks */ = {isa = PBXBuildFile; fileRef = FA85ADE71937EBC3004CC158 /* CoreGraphics.framework */; };
		FA85ADEA1937EBC3004CC158 /* UIKit.framework in Frameworks */ = {isa = PBXBuildFile; fileRef = FA85ADE91937EBC3004CC158 /* UIKit.framework */; };
		FA85ADF01937EBC3004CC158 /* InfoPlist.strings in Resources */ = {isa = PBXBuildFile; fileRef = FA85ADEE1937EBC3004CC158 /* InfoPlist.strings */; };
		FA85ADF21937EBC3004CC158 /* main.m in Sources */ = {isa = PBXBuildFile; fileRef = FA85ADF11937EBC3004CC158 /* main.m */; };
		FA85ADF61937EBC3004CC158 /* ESSAppDelegate.m in Sources */ = {isa = PBXBuildFile; fileRef = FA85ADF51937EBC3004CC158 /* ESSAppDelegate.m */; };
		FA85ADF91937EBC3004CC158 /* Main.storyboard in Resources */ = {isa = PBXBuildFile; fileRef = FA85ADF71937EBC3004CC158 /* Main.storyboard */; };
		FA85ADFC1937EBC3004CC158 /* EPTPodcasterSelectionViewController.m in Sources */ = {isa = PBXBuildFile; fileRef = FA85ADFB1937EBC3004CC158 /* EPTPodcasterSelectionViewController.m */; };
		FA85ADFE1937EBC3004CC158 /* Images.xcassets in Resources */ = {isa = PBXBuildFile; fileRef = FA85ADFD1937EBC3004CC158 /* Images.xcassets */; };
		FA85AE051937EBC3004CC158 /* XCTest.framework in Frameworks */ = {isa = PBXBuildFile; fileRef = FA85AE041937EBC3004CC158 /* XCTest.framework */; };
		FA85AE061937EBC3004CC158 /* Foundation.framework in Frameworks */ = {isa = PBXBuildFile; fileRef = FA85ADE51937EBC3004CC158 /* Foundation.framework */; };
		FA85AE071937EBC3004CC158 /* UIKit.framework in Frameworks */ = {isa = PBXBuildFile; fileRef = FA85ADE91937EBC3004CC158 /* UIKit.framework */; };
		FA85AE0F1937EBC3004CC158 /* InfoPlist.strings in Resources */ = {isa = PBXBuildFile; fileRef = FA85AE0D1937EBC3004CC158 /* InfoPlist.strings */; };
		FA85AE1D1937F2A8004CC158 /* EPTPodcasterSelectionView.m in Sources */ = {isa = PBXBuildFile; fileRef = FA85AE1C1937F2A8004CC158 /* EPTPodcasterSelectionView.m */; };
		FA85AE21193961AA004CC158 /* EPTPodcastTimerMainViewController.m in Sources */ = {isa = PBXBuildFile; fileRef = FA85AE20193961AA004CC158 /* EPTPodcastTimerMainViewController.m */; };
/* End PBXBuildFile section */

/* Begin PBXContainerItemProxy section */
		FA85AE081937EBC3004CC158 /* PBXContainerItemProxy */ = {
			isa = PBXContainerItemProxy;
			containerPortal = FA85ADDA1937EBC2004CC158 /* Project object */;
			proxyType = 1;
			remoteGlobalIDString = FA85ADE11937EBC3004CC158;
			remoteInfo = PodcastTimer;
		};
/* End PBXContainerItemProxy section */

/* Begin PBXFileReference section */
		FA06925F19400E7C0095A30E /* EPTPodcasterSelectionViewControllerTests.m */ = {isa = PBXFileReference; fileEncoding = 4; lastKnownFileType = sourcecode.c.objc; name = EPTPodcasterSelectionViewControllerTests.m; path = PodcastTimerTests/EPTPodcasterSelectionViewControllerTests.m; sourceTree = SOURCE_ROOT; };
		FA069261194395770095A30E /* EPTPodcastTimerMainView.h */ = {isa = PBXFileReference; fileEncoding = 4; lastKnownFileType = sourcecode.c.h; path = EPTPodcastTimerMainView.h; sourceTree = "<group>"; };
		FA069262194395770095A30E /* EPTPodcastTimerMainView.m */ = {isa = PBXFileReference; fileEncoding = 4; lastKnownFileType = sourcecode.c.objc; path = EPTPodcastTimerMainView.m; sourceTree = "<group>"; };
		FA0692641943972F0095A30E /* EPTPodcastTimerModel.h */ = {isa = PBXFileReference; fileEncoding = 4; lastKnownFileType = sourcecode.c.h; path = EPTPodcastTimerModel.h; sourceTree = "<group>"; };
		FA0692651943972F0095A30E /* EPTPodcastTimerModel.m */ = {isa = PBXFileReference; fileEncoding = 4; lastKnownFileType = sourcecode.c.objc; path = EPTPodcastTimerModel.m; sourceTree = "<group>"; };
		FA0692671943A2B80095A30E /* EPTPodcastTimerModelTests.m */ = {isa = PBXFileReference; fileEncoding = 4; lastKnownFileType = sourcecode.c.objc; path = EPTPodcastTimerModelTests.m; sourceTree = "<group>"; };
		FA06926A1943A58E0095A30E /* EPTTimer.h */ = {isa = PBXFileReference; fileEncoding = 4; lastKnownFileType = sourcecode.c.h; path = EPTTimer.h; sourceTree = "<group>"; };
		FA06926B1943A58E0095A30E /* EPTTimer.m */ = {isa = PBXFileReference; fileEncoding = 4; lastKnownFileType = sourcecode.c.objc; path = EPTTimer.m; sourceTree = "<group>"; };
		FA3E39FB195D18C300655133 /* EPTPodcasterModelTests.m */ = {isa = PBXFileReference; fileEncoding = 4; lastKnownFileType = sourcecode.c.objc; path = EPTPodcasterModelTests.m; sourceTree = "<group>"; };
		FA4F566E193A48ED006EC676 /* libOCMock.a */ = {isa = PBXFileReference; lastKnownFileType = archive.ar; path = libOCMock.a; sourceTree = "<group>"; };
		FA4F5670193A48ED006EC676 /* NSNotificationCenter+OCMAdditions.h */ = {isa = PBXFileReference; fileEncoding = 4; lastKnownFileType = sourcecode.c.h; path = "NSNotificationCenter+OCMAdditions.h"; sourceTree = "<group>"; };
		FA4F5671193A48ED006EC676 /* OCMArg.h */ = {isa = PBXFileReference; fileEncoding = 4; lastKnownFileType = sourcecode.c.h; path = OCMArg.h; sourceTree = "<group>"; };
		FA4F5672193A48ED006EC676 /* OCMConstraint.h */ = {isa = PBXFileReference; fileEncoding = 4; lastKnownFileType = sourcecode.c.h; path = OCMConstraint.h; sourceTree = "<group>"; };
		FA4F5673193A48ED006EC676 /* OCMLocation.h */ = {isa = PBXFileReference; fileEncoding = 4; lastKnownFileType = sourcecode.c.h; path = OCMLocation.h; sourceTree = "<group>"; };
		FA4F5674193A48ED006EC676 /* OCMMacroState.h */ = {isa = PBXFileReference; fileEncoding = 4; lastKnownFileType = sourcecode.c.h; path = OCMMacroState.h; sourceTree = "<group>"; };
		FA4F5675193A48ED006EC676 /* OCMock.h */ = {isa = PBXFileReference; fileEncoding = 4; lastKnownFileType = sourcecode.c.h; path = OCMock.h; sourceTree = "<group>"; };
		FA4F5676193A48ED006EC676 /* OCMockObject.h */ = {isa = PBXFileReference; fileEncoding = 4; lastKnownFileType = sourcecode.c.h; path = OCMockObject.h; sourceTree = "<group>"; };
		FA4F5677193A48ED006EC676 /* OCMockRecorder.h */ = {isa = PBXFileReference; fileEncoding = 4; lastKnownFileType = sourcecode.c.h; path = OCMockRecorder.h; sourceTree = "<group>"; };
		FA4F5678193A48ED006EC676 /* OCMStubMacroState.h */ = {isa = PBXFileReference; fileEncoding = 4; lastKnownFileType = sourcecode.c.h; path = OCMStubMacroState.h; sourceTree = "<group>"; };
		FA4F5679193A48ED006EC676 /* OCMVerifyMacroState.h */ = {isa = PBXFileReference; fileEncoding = 4; lastKnownFileType = sourcecode.c.h; path = OCMVerifyMacroState.h; sourceTree = "<group>"; };
		FA574B251953AB0200329324 /* EPTPodcastTimerMainTableViewCell.xib */ = {isa = PBXFileReference; fileEncoding = 4; lastKnownFileType = file.xib; path = EPTPodcastTimerMainTableViewCell.xib; sourceTree = "<group>"; };
		FA574B271953AE3100329324 /* EPTPodcastTimerMainTableViewCell.h */ = {isa = PBXFileReference; fileEncoding = 4; lastKnownFileType = sourcecode.c.h; path = EPTPodcastTimerMainTableViewCell.h; sourceTree = "<group>"; };
		FA574B281953AE3100329324 /* EPTPodcastTimerMainTableViewCell.m */ = {isa = PBXFileReference; fileEncoding = 4; lastKnownFileType = sourcecode.c.objc; path = EPTPodcastTimerMainTableViewCell.m; sourceTree = "<group>"; };
		FA574B2A1953B0ED00329324 /* EPTPodcasterModel.h */ = {isa = PBXFileReference; fileEncoding = 4; lastKnownFileType = sourcecode.c.h; path = EPTPodcasterModel.h; sourceTree = "<group>"; };
		FA574B2B1953B0ED00329324 /* EPTPodcasterModel.m */ = {isa = PBXFileReference; fileEncoding = 4; lastKnownFileType = sourcecode.c.objc; path = EPTPodcasterModel.m; sourceTree = "<group>"; };
		FA85ADE21937EBC3004CC158 /* PodcastTimer.app */ = {isa = PBXFileReference; explicitFileType = wrapper.application; includeInIndex = 0; path = PodcastTimer.app; sourceTree = BUILT_PRODUCTS_DIR; };
		FA85ADE51937EBC3004CC158 /* Foundation.framework */ = {isa = PBXFileReference; lastKnownFileType = wrapper.framework; name = Foundation.framework; path = System/Library/Frameworks/Foundation.framework; sourceTree = SDKROOT; };
		FA85ADE71937EBC3004CC158 /* CoreGraphics.framework */ = {isa = PBXFileReference; lastKnownFileType = wrapper.framework; name = CoreGraphics.framework; path = System/Library/Frameworks/CoreGraphics.framework; sourceTree = SDKROOT; };
		FA85ADE91937EBC3004CC158 /* UIKit.framework */ = {isa = PBXFileReference; lastKnownFileType = wrapper.framework; name = UIKit.framework; path = System/Library/Frameworks/UIKit.framework; sourceTree = SDKROOT; };
		FA85ADED1937EBC3004CC158 /* PodcastTimer-Info.plist */ = {isa = PBXFileReference; lastKnownFileType = text.plist.xml; path = "PodcastTimer-Info.plist"; sourceTree = "<group>"; };
		FA85ADEF1937EBC3004CC158 /* en */ = {isa = PBXFileReference; lastKnownFileType = text.plist.strings; name = en; path = en.lproj/InfoPlist.strings; sourceTree = "<group>"; };
		FA85ADF11937EBC3004CC158 /* main.m */ = {isa = PBXFileReference; lastKnownFileType = sourcecode.c.objc; path = main.m; sourceTree = "<group>"; };
		FA85ADF31937EBC3004CC158 /* PodcastTimer-Prefix.pch */ = {isa = PBXFileReference; lastKnownFileType = sourcecode.c.h; path = "PodcastTimer-Prefix.pch"; sourceTree = "<group>"; };
		FA85ADF41937EBC3004CC158 /* ESSAppDelegate.h */ = {isa = PBXFileReference; lastKnownFileType = sourcecode.c.h; path = ESSAppDelegate.h; sourceTree = "<group>"; };
		FA85ADF51937EBC3004CC158 /* ESSAppDelegate.m */ = {isa = PBXFileReference; lastKnownFileType = sourcecode.c.objc; path = ESSAppDelegate.m; sourceTree = "<group>"; };
		FA85ADF81937EBC3004CC158 /* Base */ = {isa = PBXFileReference; lastKnownFileType = file.storyboard; name = Base; path = Base.lproj/Main.storyboard; sourceTree = "<group>"; };
		FA85ADFA1937EBC3004CC158 /* EPTPodcasterSelectionViewController.h */ = {isa = PBXFileReference; lastKnownFileType = sourcecode.c.h; path = EPTPodcasterSelectionViewController.h; sourceTree = "<group>"; };
		FA85ADFB1937EBC3004CC158 /* EPTPodcasterSelectionViewController.m */ = {isa = PBXFileReference; lastKnownFileType = sourcecode.c.objc; path = EPTPodcasterSelectionViewController.m; sourceTree = "<group>"; };
		FA85ADFD1937EBC3004CC158 /* Images.xcassets */ = {isa = PBXFileReference; lastKnownFileType = folder.assetcatalog; path = Images.xcassets; sourceTree = "<group>"; };
		FA85AE031937EBC3004CC158 /* PodcastTimerTests.xctest */ = {isa = PBXFileReference; explicitFileType = wrapper.cfbundle; includeInIndex = 0; path = PodcastTimerTests.xctest; sourceTree = BUILT_PRODUCTS_DIR; };
		FA85AE041937EBC3004CC158 /* XCTest.framework */ = {isa = PBXFileReference; lastKnownFileType = wrapper.framework; name = XCTest.framework; path = Library/Frameworks/XCTest.framework; sourceTree = DEVELOPER_DIR; };
		FA85AE0C1937EBC3004CC158 /* PodcastTimerTests-Info.plist */ = {isa = PBXFileReference; lastKnownFileType = text.plist.xml; path = "PodcastTimerTests-Info.plist"; sourceTree = "<group>"; };
		FA85AE0E1937EBC3004CC158 /* en */ = {isa = PBXFileReference; lastKnownFileType = text.plist.strings; name = en; path = en.lproj/InfoPlist.strings; sourceTree = "<group>"; };
		FA85AE1B1937F2A8004CC158 /* EPTPodcasterSelectionView.h */ = {isa = PBXFileReference; fileEncoding = 4; lastKnownFileType = sourcecode.c.h; path = EPTPodcasterSelectionView.h; sourceTree = "<group>"; };
		FA85AE1C1937F2A8004CC158 /* EPTPodcasterSelectionView.m */ = {isa = PBXFileReference; fileEncoding = 4; lastKnownFileType = sourcecode.c.objc; path = EPTPodcasterSelectionView.m; sourceTree = "<group>"; };
		FA85AE1F193961AA004CC158 /* EPTPodcastTimerMainViewController.h */ = {isa = PBXFileReference; fileEncoding = 4; lastKnownFileType = sourcecode.c.h; path = EPTPodcastTimerMainViewController.h; sourceTree = "<group>"; };
		FA85AE20193961AA004CC158 /* EPTPodcastTimerMainViewController.m */ = {isa = PBXFileReference; fileEncoding = 4; lastKnownFileType = sourcecode.c.objc; path = EPTPodcastTimerMainViewController.m; sourceTree = "<group>"; };
/* End PBXFileReference section */

/* Begin PBXFrameworksBuildPhase section */
		FA85ADDF1937EBC3004CC158 /* Frameworks */ = {
			isa = PBXFrameworksBuildPhase;
			buildActionMask = 2147483647;
			files = (
				FA4F567A193A48ED006EC676 /* libOCMock.a in Frameworks */,
				FA85ADE81937EBC3004CC158 /* CoreGraphics.framework in Frameworks */,
				FA85ADEA1937EBC3004CC158 /* UIKit.framework in Frameworks */,
				FA85ADE61937EBC3004CC158 /* Foundation.framework in Frameworks */,
			);
			runOnlyForDeploymentPostprocessing = 0;
		};
		FA85AE001937EBC3004CC158 /* Frameworks */ = {
			isa = PBXFrameworksBuildPhase;
			buildActionMask = 2147483647;
			files = (
				FA85AE051937EBC3004CC158 /* XCTest.framework in Frameworks */,
				FA85AE071937EBC3004CC158 /* UIKit.framework in Frameworks */,
				FA85AE061937EBC3004CC158 /* Foundation.framework in Frameworks */,
			);
			runOnlyForDeploymentPostprocessing = 0;
		};
/* End PBXFrameworksBuildPhase section */

/* Begin PBXGroup section */
		FA0692691943A5770095A30E /* EPTTimer */ = {
			isa = PBXGroup;
			children = (
				FA06926A1943A58E0095A30E /* EPTTimer.h */,
				FA06926B1943A58E0095A30E /* EPTTimer.m */,
			);
			name = EPTTimer;
			sourceTree = "<group>";
		};
		FA4F566F193A48ED006EC676 /* OCMock */ = {
			isa = PBXGroup;
			children = (
				FA4F5670193A48ED006EC676 /* NSNotificationCenter+OCMAdditions.h */,
				FA4F5671193A48ED006EC676 /* OCMArg.h */,
				FA4F5672193A48ED006EC676 /* OCMConstraint.h */,
				FA4F5673193A48ED006EC676 /* OCMLocation.h */,
				FA4F5674193A48ED006EC676 /* OCMMacroState.h */,
				FA4F5675193A48ED006EC676 /* OCMock.h */,
				FA4F5676193A48ED006EC676 /* OCMockObject.h */,
				FA4F5677193A48ED006EC676 /* OCMockRecorder.h */,
				FA4F5678193A48ED006EC676 /* OCMStubMacroState.h */,
				FA4F5679193A48ED006EC676 /* OCMVerifyMacroState.h */,
			);
			path = OCMock;
			sourceTree = "<group>";
		};
		FA574B241953AA8000329324 /* Main Table View */ = {
			isa = PBXGroup;
			children = (
				FA574B251953AB0200329324 /* EPTPodcastTimerMainTableViewCell.xib */,
				FA574B271953AE3100329324 /* EPTPodcastTimerMainTableViewCell.h */,
				FA574B281953AE3100329324 /* EPTPodcastTimerMainTableViewCell.m */,
			);
			name = "Main Table View";
			sourceTree = "<group>";
		};
		FA574B2D1953B0F200329324 /* Podcaster model */ = {
			isa = PBXGroup;
			children = (
				FA574B2A1953B0ED00329324 /* EPTPodcasterModel.h */,
				FA574B2B1953B0ED00329324 /* EPTPodcasterModel.m */,
				FA3E39FB195D18C300655133 /* EPTPodcasterModelTests.m */,
			);
			name = "Podcaster model";
			sourceTree = "<group>";
		};
		FA85ADD91937EBC2004CC158 = {
			isa = PBXGroup;
			children = (
				FA85ADEB1937EBC3004CC158 /* PodcastTimer */,
				FA85AE0A1937EBC3004CC158 /* PodcastTimerTests */,
				FA85ADE41937EBC3004CC158 /* Frameworks */,
				FA85ADE31937EBC3004CC158 /* Products */,
			);
			sourceTree = "<group>";
		};
		FA85ADE31937EBC3004CC158 /* Products */ = {
			isa = PBXGroup;
			children = (
				FA85ADE21937EBC3004CC158 /* PodcastTimer.app */,
				FA85AE031937EBC3004CC158 /* PodcastTimerTests.xctest */,
			);
			name = Products;
			sourceTree = "<group>";
		};
		FA85ADE41937EBC3004CC158 /* Frameworks */ = {
			isa = PBXGroup;
			children = (
				FA4F566E193A48ED006EC676 /* libOCMock.a */,
				FA4F566F193A48ED006EC676 /* OCMock */,
				FA85ADE51937EBC3004CC158 /* Foundation.framework */,
				FA85ADE71937EBC3004CC158 /* CoreGraphics.framework */,
				FA85ADE91937EBC3004CC158 /* UIKit.framework */,
				FA85AE041937EBC3004CC158 /* XCTest.framework */,
			);
			name = Frameworks;
			sourceTree = "<group>";
		};
		FA85ADEB1937EBC3004CC158 /* PodcastTimer */ = {
			isa = PBXGroup;
			children = (
				FA574B2D1953B0F200329324 /* Podcaster model */,
				FA0692691943A5770095A30E /* EPTTimer */,
				FA85AE1E19396175004CC158 /* Podcast Timer Main Screen */,
				FA85AE1A1937F1B1004CC158 /* Podcaster Selection Screen */,
				FA85ADF41937EBC3004CC158 /* ESSAppDelegate.h */,
				FA85ADF51937EBC3004CC158 /* ESSAppDelegate.m */,
				FA85ADF71937EBC3004CC158 /* Main.storyboard */,
				FA85ADFD1937EBC3004CC158 /* Images.xcassets */,
				FA85ADEC1937EBC3004CC158 /* Supporting Files */,
			);
			path = PodcastTimer;
			sourceTree = "<group>";
		};
		FA85ADEC1937EBC3004CC158 /* Supporting Files */ = {
			isa = PBXGroup;
			children = (
				FA85ADED1937EBC3004CC158 /* PodcastTimer-Info.plist */,
				FA85ADEE1937EBC3004CC158 /* InfoPlist.strings */,
				FA85ADF11937EBC3004CC158 /* main.m */,
				FA85ADF31937EBC3004CC158 /* PodcastTimer-Prefix.pch */,
			);
			name = "Supporting Files";
			sourceTree = "<group>";
		};
		FA85AE0A1937EBC3004CC158 /* PodcastTimerTests */ = {
			isa = PBXGroup;
			children = (
				FA85AE0B1937EBC3004CC158 /* Supporting Files */,
			);
			path = PodcastTimerTests;
			sourceTree = "<group>";
		};
		FA85AE0B1937EBC3004CC158 /* Supporting Files */ = {
			isa = PBXGroup;
			children = (
				FA85AE0C1937EBC3004CC158 /* PodcastTimerTests-Info.plist */,
				FA85AE0D1937EBC3004CC158 /* InfoPlist.strings */,
			);
			name = "Supporting Files";
			sourceTree = "<group>";
		};
		FA85AE1A1937F1B1004CC158 /* Podcaster Selection Screen */ = {
			isa = PBXGroup;
			children = (
				FA06925F19400E7C0095A30E /* EPTPodcasterSelectionViewControllerTests.m */,
				FA85ADFA1937EBC3004CC158 /* EPTPodcasterSelectionViewController.h */,
				FA85ADFB1937EBC3004CC158 /* EPTPodcasterSelectionViewController.m */,
				FA85AE1B1937F2A8004CC158 /* EPTPodcasterSelectionView.h */,
				FA85AE1C1937F2A8004CC158 /* EPTPodcasterSelectionView.m */,
			);
			name = "Podcaster Selection Screen";
			sourceTree = "<group>";
		};
		FA85AE1E19396175004CC158 /* Podcast Timer Main Screen */ = {
			isa = PBXGroup;
			children = (
				FA574B241953AA8000329324 /* Main Table View */,
				FA85AE1F193961AA004CC158 /* EPTPodcastTimerMainViewController.h */,
				FA85AE20193961AA004CC158 /* EPTPodcastTimerMainViewController.m */,
				FA069261194395770095A30E /* EPTPodcastTimerMainView.h */,
				FA069262194395770095A30E /* EPTPodcastTimerMainView.m */,
				FA0692641943972F0095A30E /* EPTPodcastTimerModel.h */,
				FA0692651943972F0095A30E /* EPTPodcastTimerModel.m */,
				FA0692671943A2B80095A30E /* EPTPodcastTimerModelTests.m */,
			);
			name = "Podcast Timer Main Screen";
			sourceTree = "<group>";
		};
/* End PBXGroup section */

/* Begin PBXNativeTarget section */
		FA85ADE11937EBC3004CC158 /* PodcastTimer */ = {
			isa = PBXNativeTarget;
			buildConfigurationList = FA85AE141937EBC3004CC158 /* Build configuration list for PBXNativeTarget "PodcastTimer" */;
			buildPhases = (
				FA85ADDE1937EBC3004CC158 /* Sources */,
				FA85ADDF1937EBC3004CC158 /* Frameworks */,
				FA85ADE01937EBC3004CC158 /* Resources */,
			);
			buildRules = (
			);
			dependencies = (
			);
			name = PodcastTimer;
			productName = PodcastTimer;
			productReference = FA85ADE21937EBC3004CC158 /* PodcastTimer.app */;
			productType = "com.apple.product-type.application";
		};
		FA85AE021937EBC3004CC158 /* PodcastTimerTests */ = {
			isa = PBXNativeTarget;
			buildConfigurationList = FA85AE171937EBC3004CC158 /* Build configuration list for PBXNativeTarget "PodcastTimerTests" */;
			buildPhases = (
				FA85ADFF1937EBC3004CC158 /* Sources */,
				FA85AE001937EBC3004CC158 /* Frameworks */,
				FA85AE011937EBC3004CC158 /* Resources */,
			);
			buildRules = (
			);
			dependencies = (
				FA85AE091937EBC3004CC158 /* PBXTargetDependency */,
			);
			name = PodcastTimerTests;
			productName = PodcastTimerTests;
			productReference = FA85AE031937EBC3004CC158 /* PodcastTimerTests.xctest */;
			productType = "com.apple.product-type.bundle.unit-test";
		};
/* End PBXNativeTarget section */

/* Begin PBXProject section */
		FA85ADDA1937EBC2004CC158 /* Project object */ = {
			isa = PBXProject;
			attributes = {
				CLASSPREFIX = ESS;
				LastUpgradeCheck = 0510;
				ORGANIZATIONNAME = "Effective Programming";
				TargetAttributes = {
					FA85AE021937EBC3004CC158 = {
						TestTargetID = FA85ADE11937EBC3004CC158;
					};
				};
			};
			buildConfigurationList = FA85ADDD1937EBC2004CC158 /* Build configuration list for PBXProject "PodcastTimer" */;
			compatibilityVersion = "Xcode 3.2";
			developmentRegion = English;
			hasScannedForEncodings = 0;
			knownRegions = (
				en,
				Base,
			);
			mainGroup = FA85ADD91937EBC2004CC158;
			productRefGroup = FA85ADE31937EBC3004CC158 /* Products */;
			projectDirPath = "";
			projectRoot = "";
			targets = (
				FA85ADE11937EBC3004CC158 /* PodcastTimer */,
				FA85AE021937EBC3004CC158 /* PodcastTimerTests */,
			);
		};
/* End PBXProject section */

/* Begin PBXResourcesBuildPhase section */
		FA85ADE01937EBC3004CC158 /* Resources */ = {
			isa = PBXResourcesBuildPhase;
			buildActionMask = 2147483647;
			files = (
				FA85ADFE1937EBC3004CC158 /* Images.xcassets in Resources */,
				FA574B261953AB0200329324 /* EPTPodcastTimerMainTableViewCell.xib in Resources */,
				FA85ADF01937EBC3004CC158 /* InfoPlist.strings in Resources */,
				FA85ADF91937EBC3004CC158 /* Main.storyboard in Resources */,
			);
			runOnlyForDeploymentPostprocessing = 0;
		};
		FA85AE011937EBC3004CC158 /* Resources */ = {
			isa = PBXResourcesBuildPhase;
			buildActionMask = 2147483647;
			files = (
				FA85AE0F1937EBC3004CC158 /* InfoPlist.strings in Resources */,
			);
			runOnlyForDeploymentPostprocessing = 0;
		};
/* End PBXResourcesBuildPhase section */

/* Begin PBXSourcesBuildPhase section */
		FA85ADDE1937EBC3004CC158 /* Sources */ = {
			isa = PBXSourcesBuildPhase;
			buildActionMask = 2147483647;
			files = (
				FA85ADF61937EBC3004CC158 /* ESSAppDelegate.m in Sources */,
				FA574B291953AE3100329324 /* EPTPodcastTimerMainTableViewCell.m in Sources */,
				FA85AE1D1937F2A8004CC158 /* EPTPodcasterSelectionView.m in Sources */,
				FA574B2C1953B0ED00329324 /* EPTPodcasterModel.m in Sources */,
				FA85ADF21937EBC3004CC158 /* main.m in Sources */,
				FA85AE21193961AA004CC158 /* EPTPodcastTimerMainViewController.m in Sources */,
				FA0692661943972F0095A30E /* EPTPodcastTimerModel.m in Sources */,
				FA069263194395770095A30E /* EPTPodcastTimerMainView.m in Sources */,
				FA85ADFC1937EBC3004CC158 /* EPTPodcasterSelectionViewController.m in Sources */,
				FA06926C1943A58E0095A30E /* EPTTimer.m in Sources */,
			);
			runOnlyForDeploymentPostprocessing = 0;
		};
		FA85ADFF1937EBC3004CC158 /* Sources */ = {
			isa = PBXSourcesBuildPhase;
			buildActionMask = 2147483647;
			files = (
				FA0692681943A2B80095A30E /* EPTPodcastTimerModelTests.m in Sources */,
				FA3E39FC195D18C300655133 /* EPTPodcasterModelTests.m in Sources */,
				FA06926019400E7C0095A30E /* EPTPodcasterSelectionViewControllerTests.m in Sources */,
			);
			runOnlyForDeploymentPostprocessing = 0;
		};
/* End PBXSourcesBuildPhase section */

/* Begin PBXTargetDependency section */
		FA85AE091937EBC3004CC158 /* PBXTargetDependency */ = {
			isa = PBXTargetDependency;
			target = FA85ADE11937EBC3004CC158 /* PodcastTimer */;
			targetProxy = FA85AE081937EBC3004CC158 /* PBXContainerItemProxy */;
		};
/* End PBXTargetDependency section */

/* Begin PBXVariantGroup section */
		FA85ADEE1937EBC3004CC158 /* InfoPlist.strings */ = {
			isa = PBXVariantGroup;
			children = (
				FA85ADEF1937EBC3004CC158 /* en */,
			);
			name = InfoPlist.strings;
			sourceTree = "<group>";
		};
		FA85ADF71937EBC3004CC158 /* Main.storyboard */ = {
			isa = PBXVariantGroup;
			children = (
				FA85ADF81937EBC3004CC158 /* Base */,
			);
			name = Main.storyboard;
			sourceTree = "<group>";
		};
		FA85AE0D1937EBC3004CC158 /* InfoPlist.strings */ = {
			isa = PBXVariantGroup;
			children = (
				FA85AE0E1937EBC3004CC158 /* en */,
			);
			name = InfoPlist.strings;
			sourceTree = "<group>";
		};
/* End PBXVariantGroup section */

/* Begin XCBuildConfiguration section */
		FA85AE121937EBC3004CC158 /* Debug */ = {
			isa = XCBuildConfiguration;
			buildSettings = {
				ALWAYS_SEARCH_USER_PATHS = NO;
				CLANG_CXX_LANGUAGE_STANDARD = "gnu++0x";
				CLANG_CXX_LIBRARY = "libc++";
				CLANG_ENABLE_MODULES = YES;
				CLANG_ENABLE_OBJC_ARC = YES;
				CLANG_WARN_BOOL_CONVERSION = YES;
				CLANG_WARN_CONSTANT_CONVERSION = YES;
				CLANG_WARN_DIRECT_OBJC_ISA_USAGE = YES_ERROR;
				CLANG_WARN_EMPTY_BODY = YES;
				CLANG_WARN_ENUM_CONVERSION = YES;
				CLANG_WARN_INT_CONVERSION = YES;
				CLANG_WARN_OBJC_ROOT_CLASS = YES_ERROR;
				CLANG_WARN__DUPLICATE_METHOD_MATCH = YES;
				"CODE_SIGN_IDENTITY[sdk=iphoneos*]" = "iPhone Developer";
				COPY_PHASE_STRIP = NO;
				GCC_C_LANGUAGE_STANDARD = gnu99;
				GCC_DYNAMIC_NO_PIC = NO;
				GCC_OPTIMIZATION_LEVEL = 0;
				GCC_PREPROCESSOR_DEFINITIONS = (
					"DEBUG=1",
					"$(inherited)",
				);
				GCC_SYMBOLS_PRIVATE_EXTERN = NO;
				GCC_WARN_64_TO_32_BIT_CONVERSION = YES;
				GCC_WARN_ABOUT_RETURN_TYPE = YES_ERROR;
				GCC_WARN_UNDECLARED_SELECTOR = YES;
				GCC_WARN_UNINITIALIZED_AUTOS = YES_AGGRESSIVE;
				GCC_WARN_UNUSED_FUNCTION = YES;
				GCC_WARN_UNUSED_VARIABLE = YES;
				IPHONEOS_DEPLOYMENT_TARGET = 7.1;
				ONLY_ACTIVE_ARCH = YES;
				SDKROOT = iphoneos;
				TARGETED_DEVICE_FAMILY = 2;
			};
			name = Debug;
		};
		FA85AE131937EBC3004CC158 /* Release */ = {
			isa = XCBuildConfiguration;
			buildSettings = {
				ALWAYS_SEARCH_USER_PATHS = NO;
				CLANG_CXX_LANGUAGE_STANDARD = "gnu++0x";
				CLANG_CXX_LIBRARY = "libc++";
				CLANG_ENABLE_MODULES = YES;
				CLANG_ENABLE_OBJC_ARC = YES;
				CLANG_WARN_BOOL_CONVERSION = YES;
				CLANG_WARN_CONSTANT_CONVERSION = YES;
				CLANG_WARN_DIRECT_OBJC_ISA_USAGE = YES_ERROR;
				CLANG_WARN_EMPTY_BODY = YES;
				CLANG_WARN_ENUM_CONVERSION = YES;
				CLANG_WARN_INT_CONVERSION = YES;
				CLANG_WARN_OBJC_ROOT_CLASS = YES_ERROR;
				CLANG_WARN__DUPLICATE_METHOD_MATCH = YES;
				"CODE_SIGN_IDENTITY[sdk=iphoneos*]" = "iPhone Developer";
				COPY_PHASE_STRIP = YES;
				ENABLE_NS_ASSERTIONS = NO;
				GCC_C_LANGUAGE_STANDARD = gnu99;
				GCC_WARN_64_TO_32_BIT_CONVERSION = YES;
				GCC_WARN_ABOUT_RETURN_TYPE = YES_ERROR;
				GCC_WARN_UNDECLARED_SELECTOR = YES;
				GCC_WARN_UNINITIALIZED_AUTOS = YES_AGGRESSIVE;
				GCC_WARN_UNUSED_FUNCTION = YES;
				GCC_WARN_UNUSED_VARIABLE = YES;
				IPHONEOS_DEPLOYMENT_TARGET = 7.1;
				SDKROOT = iphoneos;
				TARGETED_DEVICE_FAMILY = 2;
				VALIDATE_PRODUCT = YES;
			};
			name = Release;
		};
		FA85AE151937EBC3004CC158 /* Debug */ = {
			isa = XCBuildConfiguration;
			buildSettings = {
				ASSETCATALOG_COMPILER_APPICON_NAME = AppIcon;
				ASSETCATALOG_COMPILER_LAUNCHIMAGE_NAME = LaunchImage;
				GCC_PRECOMPILE_PREFIX_HEADER = YES;
				GCC_PREFIX_HEADER = "PodcastTimer/PodcastTimer-Prefix.pch";
				HEADER_SEARCH_PATHS = (
					"$(inherited)",
					/Applications/Xcode.app/Contents/Developer/Toolchains/XcodeDefault.xctoolchain/usr/include,
					"$(SRCROOT)/**",
				);
				INFOPLIST_FILE = "PodcastTimer/PodcastTimer-Info.plist";
				LIBRARY_SEARCH_PATHS = (
					"$(inherited)",
					"$(PROJECT_DIR)",
				);
				OTHER_LDFLAGS = "";
				PRODUCT_NAME = "$(TARGET_NAME)";
				WRAPPER_EXTENSION = app;
			};
			name = Debug;
		};
		FA85AE161937EBC3004CC158 /* Release */ = {
			isa = XCBuildConfiguration;
			buildSettings = {
				ASSETCATALOG_COMPILER_APPICON_NAME = AppIcon;
				ASSETCATALOG_COMPILER_LAUNCHIMAGE_NAME = LaunchImage;
				GCC_PRECOMPILE_PREFIX_HEADER = YES;
				GCC_PREFIX_HEADER = "PodcastTimer/PodcastTimer-Prefix.pch";
				HEADER_SEARCH_PATHS = (
					"$(inherited)",
					/Applications/Xcode.app/Contents/Developer/Toolchains/XcodeDefault.xctoolchain/usr/include,
					"$(SRCROOT)/**",
				);
				INFOPLIST_FILE = "PodcastTimer/PodcastTimer-Info.plist";
				LIBRARY_SEARCH_PATHS = (
					"$(inherited)",
					"$(PROJECT_DIR)",
				);
				OTHER_LDFLAGS = "";
				PRODUCT_NAME = "$(TARGET_NAME)";
				WRAPPER_EXTENSION = app;
			};
			name = Release;
		};
		FA85AE181937EBC3004CC158 /* Debug */ = {
			isa = XCBuildConfiguration;
			buildSettings = {
				BUNDLE_LOADER = "$(BUILT_PRODUCTS_DIR)/PodcastTimer.app/PodcastTimer";
				FRAMEWORK_SEARCH_PATHS = (
					"$(SDKROOT)/Developer/Library/Frameworks",
					"$(inherited)",
					"$(DEVELOPER_FRAMEWORKS_DIR)",
				);
				GCC_PRECOMPILE_PREFIX_HEADER = YES;
				GCC_PREFIX_HEADER = "PodcastTimer/PodcastTimer-Prefix.pch";
				GCC_PREPROCESSOR_DEFINITIONS = (
					"DEBUG=1",
					"$(inherited)",
				);
				HEADER_SEARCH_PATHS = (
					"$(inherited)",
					/Applications/Xcode.app/Contents/Developer/Toolchains/XcodeDefault.xctoolchain/usr/include,
					"$(SRCROOT)/**",
				);
				INFOPLIST_FILE = "PodcastTimerTests/PodcastTimerTests-Info.plist";
				OTHER_LDFLAGS = (
					"$(inherited)",
					"-framework",
					XCTest,
					"-force_load",
					"$(SRCROOT)/libOCMock.a",
					"-ObjC",
				);
				PRODUCT_NAME = "$(TARGET_NAME)";
				TEST_HOST = "$(BUNDLE_LOADER)";
				WRAPPER_EXTENSION = xctest;
			};
			name = Debug;
		};
		FA85AE191937EBC3004CC158 /* Release */ = {
			isa = XCBuildConfiguration;
			buildSettings = {
				BUNDLE_LOADER = "$(BUILT_PRODUCTS_DIR)/PodcastTimer.app/PodcastTimer";
				FRAMEWORK_SEARCH_PATHS = (
					"$(SDKROOT)/Developer/Library/Frameworks",
					"$(inherited)",
					"$(DEVELOPER_FRAMEWORKS_DIR)",
				);
				GCC_PRECOMPILE_PREFIX_HEADER = YES;
				GCC_PREFIX_HEADER = "PodcastTimer/PodcastTimer-Prefix.pch";
				HEADER_SEARCH_PATHS = (
					"$(inherited)",
					/Applications/Xcode.app/Contents/Developer/Toolchains/XcodeDefault.xctoolchain/usr/include,
					"$(SRCROOT)/**",
				);
				INFOPLIST_FILE = "PodcastTimerTests/PodcastTimerTests-Info.plist";
				OTHER_LDFLAGS = (
					"$(inherited)",
					"-framework",
					XCTest,
					"-force_load",
					"$(SRCROOT)/libOCMock.a",
					"-ObjC",
				);
				PRODUCT_NAME = "$(TARGET_NAME)";
				TEST_HOST = "$(BUNDLE_LOADER)";
				WRAPPER_EXTENSION = xctest;
			};
			name = Release;
		};
/* End XCBuildConfiguration section */

/* Begin XCConfigurationList section */
		FA85ADDD1937EBC2004CC158 /* Build configuration list for PBXProject "PodcastTimer" */ = {
			isa = XCConfigurationList;
			buildConfigurations = (
				FA85AE121937EBC3004CC158 /* Debug */,
				FA85AE131937EBC3004CC158 /* Release */,
			);
			defaultConfigurationIsVisible = 0;
			defaultConfigurationName = Release;
		};
		FA85AE141937EBC3004CC158 /* Build configuration list for PBXNativeTarget "PodcastTimer" */ = {
			isa = XCConfigurationList;
			buildConfigurations = (
				FA85AE151937EBC3004CC158 /* Debug */,
				FA85AE161937EBC3004CC158 /* Release */,
			);
			defaultConfigurationIsVisible = 0;
			defaultConfigurationName = Release;
		};
		FA85AE171937EBC3004CC158 /* Build configuration list for PBXNativeTarget "PodcastTimerTests" */ = {
			isa = XCConfigurationList;
			buildConfigurations = (
				FA85AE181937EBC3004CC158 /* Debug */,
				FA85AE191937EBC3004CC158 /* Release */,
			);
			defaultConfigurationIsVisible = 0;
			defaultConfigurationName = Release;
		};
/* End XCConfigurationList section */
	};
	rootObject = FA85ADDA1937EBC2004CC158 /* Project object */;
}
